
Microsoft Visual Studio Solution File, Format Version 12.00
# Visual Studio 14
VisualStudioVersion = 14.0.25420.1
MinimumVisualStudioVersion = 10.0.40219.1
Project("{FAE04EC0-301F-11D3-BF4B-00C04F79EFBC}") = "MokeWallPaper", "MokeWallPaper\MokeWallPaper.csproj", "{B466F8ED-D76A-44B7-96FF-46AFCF6B6012}"
EndProject
Project("{FAE04EC0-301F-11D3-BF4B-00C04F79EFBC}") = "MokeWebServer", "MokeWebServer\MokeWebServer.csproj", "{D5BBF193-7432-4A29-9862-E15D7D83335C}"
EndProject
Project("{FAE04EC0-301F-11D3-BF4B-00C04F79EFBC}") = "MokeWebServer.Tests", "MokeWebServer.Tests\MokeWebServer.Tests.csproj", "{36EFDEEA-BB0E-43C1-93E8-EA983771FBA0}"
EndProject
Project("{2150E333-8FDC-42A3-9474-1A3956D46DE8}") = "DataType", "DataType", "{E44D1D69-E9F4-4671-B681-8E4B6C699017}"
EndProject
Project("{2150E333-8FDC-42A3-9474-1A3956D46DE8}") = "Bal", "Bal", "{64E82573-29B4-43CF-9637-423B47028DAB}"
EndProject
Project("{2150E333-8FDC-42A3-9474-1A3956D46DE8}") = "Comm", "Comm", "{BDA9D306-FF3A-46EB-BB4F-E9EE0B8FA96A}"
EndProject
Project("{FAE04EC0-301F-11D3-BF4B-00C04F79EFBC}") = "Comm", "Comm\Comm.csproj", "{9999B676-366C-4EB2-BDC0-D398FB26CFDC}"
EndProject
Project("{FAE04EC0-301F-11D3-BF4B-00C04F79EFBC}") = "MokeTieLibApp.Droid", "MokeTieLibApp\MokeTieLibApp.Droid\MokeTieLibApp.Droid.csproj", "{4FEBEF7F-2A78-49A0-AA86-86DBB8470251}"
EndProject
Project("{FAE04EC0-301F-11D3-BF4B-00C04F79EFBC}") = "MokeTieLibApp.iOS", "MokeTieLibApp\MokeTieLibApp.iOS\MokeTieLibApp.iOS.csproj", "{AA36728C-0C17-4FD4-B5AD-52673D0DA295}"
EndProject
Project("{FAE04EC0-301F-11D3-BF4B-00C04F79EFBC}") = "MokeTieLibApp.UWP", "MokeTieLibApp\MokeTieLibApp.UWP\MokeTieLibApp.UWP.csproj", "{1087D375-8B64-43DD-8C60-8FA5E0DA8627}"
EndProject
Project("{FAE04EC0-301F-11D3-BF4B-00C04F79EFBC}") = "MokeTieLibApp", "MokeTieLibApp\MokeTieLibApp\MokeTieLibApp.csproj", "{445F39F6-1104-4F08-8EBA-84A03E7D082D}"
EndProject
Global
	GlobalSection(SolutionConfigurationPlatforms) = preSolution
		Ad-Hoc|Any CPU = Ad-Hoc|Any CPU
		Ad-Hoc|ARM = Ad-Hoc|ARM
		Ad-Hoc|iPhone = Ad-Hoc|iPhone
		Ad-Hoc|iPhoneSimulator = Ad-Hoc|iPhoneSimulator
		Ad-Hoc|x64 = Ad-Hoc|x64
		Ad-Hoc|x86 = Ad-Hoc|x86
		AppStore|Any CPU = AppStore|Any CPU
		AppStore|ARM = AppStore|ARM
		AppStore|iPhone = AppStore|iPhone
		AppStore|iPhoneSimulator = AppStore|iPhoneSimulator
		AppStore|x64 = AppStore|x64
		AppStore|x86 = AppStore|x86
		Debug|Any CPU = Debug|Any CPU
		Debug|ARM = Debug|ARM
		Debug|iPhone = Debug|iPhone
		Debug|iPhoneSimulator = Debug|iPhoneSimulator
		Debug|x64 = Debug|x64
		Debug|x86 = Debug|x86
		Release|Any CPU = Release|Any CPU
		Release|ARM = Release|ARM
		Release|iPhone = Release|iPhone
		Release|iPhoneSimulator = Release|iPhoneSimulator
		Release|x64 = Release|x64
		Release|x86 = Release|x86
	EndGlobalSection
	GlobalSection(ProjectConfigurationPlatforms) = postSolution
		{B466F8ED-D76A-44B7-96FF-46AFCF6B6012}.Ad-Hoc|Any CPU.ActiveCfg = Release|Any CPU
		{B466F8ED-D76A-44B7-96FF-46AFCF6B6012}.Ad-Hoc|Any CPU.Build.0 = Release|Any CPU
		{B466F8ED-D76A-44B7-96FF-46AFCF6B6012}.Ad-Hoc|ARM.ActiveCfg = Release|Any CPU
		{B466F8ED-D76A-44B7-96FF-46AFCF6B6012}.Ad-Hoc|ARM.Build.0 = Release|Any CPU
		{B466F8ED-D76A-44B7-96FF-46AFCF6B6012}.Ad-Hoc|iPhone.ActiveCfg = Release|Any CPU
		{B466F8ED-D76A-44B7-96FF-46AFCF6B6012}.Ad-Hoc|iPhone.Build.0 = Release|Any CPU
		{B466F8ED-D76A-44B7-96FF-46AFCF6B6012}.Ad-Hoc|iPhoneSimulator.ActiveCfg = Release|Any CPU
		{B466F8ED-D76A-44B7-96FF-46AFCF6B6012}.Ad-Hoc|iPhoneSimulator.Build.0 = Release|Any CPU
		{B466F8ED-D76A-44B7-96FF-46AFCF6B6012}.Ad-Hoc|x64.ActiveCfg = Release|Any CPU
		{B466F8ED-D76A-44B7-96FF-46AFCF6B6012}.Ad-Hoc|x64.Build.0 = Release|Any CPU
		{B466F8ED-D76A-44B7-96FF-46AFCF6B6012}.Ad-Hoc|x86.ActiveCfg = Release|Any CPU
		{B466F8ED-D76A-44B7-96FF-46AFCF6B6012}.Ad-Hoc|x86.Build.0 = Release|Any CPU
		{B466F8ED-D76A-44B7-96FF-46AFCF6B6012}.AppStore|Any CPU.ActiveCfg = Release|Any CPU
		{B466F8ED-D76A-44B7-96FF-46AFCF6B6012}.AppStore|Any CPU.Build.0 = Release|Any CPU
		{B466F8ED-D76A-44B7-96FF-46AFCF6B6012}.AppStore|ARM.ActiveCfg = Release|Any CPU
		{B466F8ED-D76A-44B7-96FF-46AFCF6B6012}.AppStore|ARM.Build.0 = Release|Any CPU
		{B466F8ED-D76A-44B7-96FF-46AFCF6B6012}.AppStore|iPhone.ActiveCfg = Release|Any CPU
		{B466F8ED-D76A-44B7-96FF-46AFCF6B6012}.AppStore|iPhone.Build.0 = Release|Any CPU
		{B466F8ED-D76A-44B7-96FF-46AFCF6B6012}.AppStore|iPhoneSimulator.ActiveCfg = Release|Any CPU
		{B466F8ED-D76A-44B7-96FF-46AFCF6B6012}.AppStore|iPhoneSimulator.Build.0 = Release|Any CPU
		{B466F8ED-D76A-44B7-96FF-46AFCF6B6012}.AppStore|x64.ActiveCfg = Release|Any CPU
		{B466F8ED-D76A-44B7-96FF-46AFCF6B6012}.AppStore|x64.Build.0 = Release|Any CPU
		{B466F8ED-D76A-44B7-96FF-46AFCF6B6012}.AppStore|x86.ActiveCfg = Release|Any CPU
		{B466F8ED-D76A-44B7-96FF-46AFCF6B6012}.AppStore|x86.Build.0 = Release|Any CPU
		{B466F8ED-D76A-44B7-96FF-46AFCF6B6012}.Debug|Any CPU.ActiveCfg = Debug|Any CPU
		{B466F8ED-D76A-44B7-96FF-46AFCF6B6012}.Debug|Any CPU.Build.0 = Debug|Any CPU
		{B466F8ED-D76A-44B7-96FF-46AFCF6B6012}.Debug|ARM.ActiveCfg = Debug|Any CPU
		{B466F8ED-D76A-44B7-96FF-46AFCF6B6012}.Debug|ARM.Build.0 = Debug|Any CPU
		{B466F8ED-D76A-44B7-96FF-46AFCF6B6012}.Debug|iPhone.ActiveCfg = Debug|Any CPU
		{B466F8ED-D76A-44B7-96FF-46AFCF6B6012}.Debug|iPhone.Build.0 = Debug|Any CPU
		{B466F8ED-D76A-44B7-96FF-46AFCF6B6012}.Debug|iPhoneSimulator.ActiveCfg = Debug|Any CPU
		{B466F8ED-D76A-44B7-96FF-46AFCF6B6012}.Debug|iPhoneSimulator.Build.0 = Debug|Any CPU
		{B466F8ED-D76A-44B7-96FF-46AFCF6B6012}.Debug|x64.ActiveCfg = Debug|Any CPU
		{B466F8ED-D76A-44B7-96FF-46AFCF6B6012}.Debug|x64.Build.0 = Debug|Any CPU
		{B466F8ED-D76A-44B7-96FF-46AFCF6B6012}.Debug|x86.ActiveCfg = Debug|Any CPU
		{B466F8ED-D76A-44B7-96FF-46AFCF6B6012}.Debug|x86.Build.0 = Debug|Any CPU
		{B466F8ED-D76A-44B7-96FF-46AFCF6B6012}.Release|Any CPU.ActiveCfg = Release|Any CPU
		{B466F8ED-D76A-44B7-96FF-46AFCF6B6012}.Release|Any CPU.Build.0 = Release|Any CPU
		{B466F8ED-D76A-44B7-96FF-46AFCF6B6012}.Release|ARM.ActiveCfg = Release|Any CPU
		{B466F8ED-D76A-44B7-96FF-46AFCF6B6012}.Release|ARM.Build.0 = Release|Any CPU
		{B466F8ED-D76A-44B7-96FF-46AFCF6B6012}.Release|iPhone.ActiveCfg = Release|Any CPU
		{B466F8ED-D76A-44B7-96FF-46AFCF6B6012}.Release|iPhone.Build.0 = Release|Any CPU
		{B466F8ED-D76A-44B7-96FF-46AFCF6B6012}.Release|iPhoneSimulator.ActiveCfg = Release|Any CPU
		{B466F8ED-D76A-44B7-96FF-46AFCF6B6012}.Release|iPhoneSimulator.Build.0 = Release|Any CPU
		{B466F8ED-D76A-44B7-96FF-46AFCF6B6012}.Release|x64.ActiveCfg = Release|Any CPU
		{B466F8ED-D76A-44B7-96FF-46AFCF6B6012}.Release|x64.Build.0 = Release|Any CPU
		{B466F8ED-D76A-44B7-96FF-46AFCF6B6012}.Release|x86.ActiveCfg = Release|Any CPU
		{B466F8ED-D76A-44B7-96FF-46AFCF6B6012}.Release|x86.Build.0 = Release|Any CPU
		{D5BBF193-7432-4A29-9862-E15D7D83335C}.Ad-Hoc|Any CPU.ActiveCfg = Release|Any CPU
		{D5BBF193-7432-4A29-9862-E15D7D83335C}.Ad-Hoc|Any CPU.Build.0 = Release|Any CPU
		{D5BBF193-7432-4A29-9862-E15D7D83335C}.Ad-Hoc|ARM.ActiveCfg = Release|Any CPU
		{D5BBF193-7432-4A29-9862-E15D7D83335C}.Ad-Hoc|ARM.Build.0 = Release|Any CPU
		{D5BBF193-7432-4A29-9862-E15D7D83335C}.Ad-Hoc|iPhone.ActiveCfg = Release|Any CPU
		{D5BBF193-7432-4A29-9862-E15D7D83335C}.Ad-Hoc|iPhone.Build.0 = Release|Any CPU
		{D5BBF193-7432-4A29-9862-E15D7D83335C}.Ad-Hoc|iPhoneSimulator.ActiveCfg = Release|Any CPU
		{D5BBF193-7432-4A29-9862-E15D7D83335C}.Ad-Hoc|iPhoneSimulator.Build.0 = Release|Any CPU
		{D5BBF193-7432-4A29-9862-E15D7D83335C}.Ad-Hoc|x64.ActiveCfg = Release|Any CPU
		{D5BBF193-7432-4A29-9862-E15D7D83335C}.Ad-Hoc|x64.Build.0 = Release|Any CPU
		{D5BBF193-7432-4A29-9862-E15D7D83335C}.Ad-Hoc|x86.ActiveCfg = Release|Any CPU
		{D5BBF193-7432-4A29-9862-E15D7D83335C}.Ad-Hoc|x86.Build.0 = Release|Any CPU
		{D5BBF193-7432-4A29-9862-E15D7D83335C}.AppStore|Any CPU.ActiveCfg = Release|Any CPU
		{D5BBF193-7432-4A29-9862-E15D7D83335C}.AppStore|Any CPU.Build.0 = Release|Any CPU
		{D5BBF193-7432-4A29-9862-E15D7D83335C}.AppStore|ARM.ActiveCfg = Release|Any CPU
		{D5BBF193-7432-4A29-9862-E15D7D83335C}.AppStore|ARM.Build.0 = Release|Any CPU
		{D5BBF193-7432-4A29-9862-E15D7D83335C}.AppStore|iPhone.ActiveCfg = Release|Any CPU
		{D5BBF193-7432-4A29-9862-E15D7D83335C}.AppStore|iPhone.Build.0 = Release|Any CPU
		{D5BBF193-7432-4A29-9862-E15D7D83335C}.AppStore|iPhoneSimulator.ActiveCfg = Release|Any CPU
		{D5BBF193-7432-4A29-9862-E15D7D83335C}.AppStore|iPhoneSimulator.Build.0 = Release|Any CPU
		{D5BBF193-7432-4A29-9862-E15D7D83335C}.AppStore|x64.ActiveCfg = Release|Any CPU
		{D5BBF193-7432-4A29-9862-E15D7D83335C}.AppStore|x64.Build.0 = Release|Any CPU
		{D5BBF193-7432-4A29-9862-E15D7D83335C}.AppStore|x86.ActiveCfg = Release|Any CPU
		{D5BBF193-7432-4A29-9862-E15D7D83335C}.AppStore|x86.Build.0 = Release|Any CPU
		{D5BBF193-7432-4A29-9862-E15D7D83335C}.Debug|Any CPU.ActiveCfg = Debug|Any CPU
		{D5BBF193-7432-4A29-9862-E15D7D83335C}.Debug|Any CPU.Build.0 = Debug|Any CPU
		{D5BBF193-7432-4A29-9862-E15D7D83335C}.Debug|ARM.ActiveCfg = Debug|Any CPU
		{D5BBF193-7432-4A29-9862-E15D7D83335C}.Debug|ARM.Build.0 = Debug|Any CPU
		{D5BBF193-7432-4A29-9862-E15D7D83335C}.Debug|iPhone.ActiveCfg = Debug|Any CPU
		{D5BBF193-7432-4A29-9862-E15D7D83335C}.Debug|iPhone.Build.0 = Debug|Any CPU
		{D5BBF193-7432-4A29-9862-E15D7D83335C}.Debug|iPhoneSimulator.ActiveCfg = Debug|Any CPU
		{D5BBF193-7432-4A29-9862-E15D7D83335C}.Debug|iPhoneSimulator.Build.0 = Debug|Any CPU
		{D5BBF193-7432-4A29-9862-E15D7D83335C}.Debug|x64.ActiveCfg = Debug|Any CPU
		{D5BBF193-7432-4A29-9862-E15D7D83335C}.Debug|x64.Build.0 = Debug|Any CPU
		{D5BBF193-7432-4A29-9862-E15D7D83335C}.Debug|x86.ActiveCfg = Debug|Any CPU
		{D5BBF193-7432-4A29-9862-E15D7D83335C}.Debug|x86.Build.0 = Debug|Any CPU
		{D5BBF193-7432-4A29-9862-E15D7D83335C}.Release|Any CPU.ActiveCfg = Release|Any CPU
		{D5BBF193-7432-4A29-9862-E15D7D83335C}.Release|Any CPU.Build.0 = Release|Any CPU
		{D5BBF193-7432-4A29-9862-E15D7D83335C}.Release|ARM.ActiveCfg = Release|Any CPU
		{D5BBF193-7432-4A29-9862-E15D7D83335C}.Release|ARM.Build.0 = Release|Any CPU
		{D5BBF193-7432-4A29-9862-E15D7D83335C}.Release|iPhone.ActiveCfg = Release|Any CPU
		{D5BBF193-7432-4A29-9862-E15D7D83335C}.Release|iPhone.Build.0 = Release|Any CPU
		{D5BBF193-7432-4A29-9862-E15D7D83335C}.Release|iPhoneSimulator.ActiveCfg = Release|Any CPU
		{D5BBF193-7432-4A29-9862-E15D7D83335C}.Release|iPhoneSimulator.Build.0 = Release|Any CPU
		{D5BBF193-7432-4A29-9862-E15D7D83335C}.Release|x64.ActiveCfg = Release|Any CPU
		{D5BBF193-7432-4A29-9862-E15D7D83335C}.Release|x64.Build.0 = Release|Any CPU
		{D5BBF193-7432-4A29-9862-E15D7D83335C}.Release|x86.ActiveCfg = Release|Any CPU
		{D5BBF193-7432-4A29-9862-E15D7D83335C}.Release|x86.Build.0 = Release|Any CPU
		{36EFDEEA-BB0E-43C1-93E8-EA983771FBA0}.Ad-Hoc|Any CPU.ActiveCfg = Release|Any CPU
		{36EFDEEA-BB0E-43C1-93E8-EA983771FBA0}.Ad-Hoc|Any CPU.Build.0 = Release|Any CPU
		{36EFDEEA-BB0E-43C1-93E8-EA983771FBA0}.Ad-Hoc|ARM.ActiveCfg = Release|Any CPU
		{36EFDEEA-BB0E-43C1-93E8-EA983771FBA0}.Ad-Hoc|ARM.Build.0 = Release|Any CPU
		{36EFDEEA-BB0E-43C1-93E8-EA983771FBA0}.Ad-Hoc|iPhone.ActiveCfg = Release|Any CPU
		{36EFDEEA-BB0E-43C1-93E8-EA983771FBA0}.Ad-Hoc|iPhone.Build.0 = Release|Any CPU
		{36EFDEEA-BB0E-43C1-93E8-EA983771FBA0}.Ad-Hoc|iPhoneSimulator.ActiveCfg = Release|Any CPU
		{36EFDEEA-BB0E-43C1-93E8-EA983771FBA0}.Ad-Hoc|iPhoneSimulator.Build.0 = Release|Any CPU
		{36EFDEEA-BB0E-43C1-93E8-EA983771FBA0}.Ad-Hoc|x64.ActiveCfg = Release|Any CPU
		{36EFDEEA-BB0E-43C1-93E8-EA983771FBA0}.Ad-Hoc|x64.Build.0 = Release|Any CPU
		{36EFDEEA-BB0E-43C1-93E8-EA983771FBA0}.Ad-Hoc|x86.ActiveCfg = Release|Any CPU
		{36EFDEEA-BB0E-43C1-93E8-EA983771FBA0}.Ad-Hoc|x86.Build.0 = Release|Any CPU
		{36EFDEEA-BB0E-43C1-93E8-EA983771FBA0}.AppStore|Any CPU.ActiveCfg = Release|Any CPU
		{36EFDEEA-BB0E-43C1-93E8-EA983771FBA0}.AppStore|Any CPU.Build.0 = Release|Any CPU
		{36EFDEEA-BB0E-43C1-93E8-EA983771FBA0}.AppStore|ARM.ActiveCfg = Release|Any CPU
		{36EFDEEA-BB0E-43C1-93E8-EA983771FBA0}.AppStore|ARM.Build.0 = Release|Any CPU
		{36EFDEEA-BB0E-43C1-93E8-EA983771FBA0}.AppStore|iPhone.ActiveCfg = Release|Any CPU
		{36EFDEEA-BB0E-43C1-93E8-EA983771FBA0}.AppStore|iPhone.Build.0 = Release|Any CPU
		{36EFDEEA-BB0E-43C1-93E8-EA983771FBA0}.AppStore|iPhoneSimulator.ActiveCfg = Release|Any CPU
		{36EFDEEA-BB0E-43C1-93E8-EA983771FBA0}.AppStore|iPhoneSimulator.Build.0 = Release|Any CPU
		{36EFDEEA-BB0E-43C1-93E8-EA983771FBA0}.AppStore|x64.ActiveCfg = Release|Any CPU
		{36EFDEEA-BB0E-43C1-93E8-EA983771FBA0}.AppStore|x64.Build.0 = Release|Any CPU
		{36EFDEEA-BB0E-43C1-93E8-EA983771FBA0}.AppStore|x86.ActiveCfg = Release|Any CPU
		{36EFDEEA-BB0E-43C1-93E8-EA983771FBA0}.AppStore|x86.Build.0 = Release|Any CPU
		{36EFDEEA-BB0E-43C1-93E8-EA983771FBA0}.Debug|Any CPU.ActiveCfg = Debug|Any CPU
		{36EFDEEA-BB0E-43C1-93E8-EA983771FBA0}.Debug|Any CPU.Build.0 = Debug|Any CPU
		{36EFDEEA-BB0E-43C1-93E8-EA983771FBA0}.Debug|ARM.ActiveCfg = Debug|Any CPU
		{36EFDEEA-BB0E-43C1-93E8-EA983771FBA0}.Debug|ARM.Build.0 = Debug|Any CPU
		{36EFDEEA-BB0E-43C1-93E8-EA983771FBA0}.Debug|iPhone.ActiveCfg = Debug|Any CPU
		{36EFDEEA-BB0E-43C1-93E8-EA983771FBA0}.Debug|iPhone.Build.0 = Debug|Any CPU
		{36EFDEEA-BB0E-43C1-93E8-EA983771FBA0}.Debug|iPhoneSimulator.ActiveCfg = Debug|Any CPU
		{36EFDEEA-BB0E-43C1-93E8-EA983771FBA0}.Debug|iPhoneSimulator.Build.0 = Debug|Any CPU
		{36EFDEEA-BB0E-43C1-93E8-EA983771FBA0}.Debug|x64.ActiveCfg = Debug|Any CPU
		{36EFDEEA-BB0E-43C1-93E8-EA983771FBA0}.Debug|x64.Build.0 = Debug|Any CPU
		{36EFDEEA-BB0E-43C1-93E8-EA983771FBA0}.Debug|x86.ActiveCfg = Debug|Any CPU
		{36EFDEEA-BB0E-43C1-93E8-EA983771FBA0}.Debug|x86.Build.0 = Debug|Any CPU
		{36EFDEEA-BB0E-43C1-93E8-EA983771FBA0}.Release|Any CPU.ActiveCfg = Release|Any CPU
		{36EFDEEA-BB0E-43C1-93E8-EA983771FBA0}.Release|Any CPU.Build.0 = Release|Any CPU
		{36EFDEEA-BB0E-43C1-93E8-EA983771FBA0}.Release|ARM.ActiveCfg = Release|Any CPU
		{36EFDEEA-BB0E-43C1-93E8-EA983771FBA0}.Release|ARM.Build.0 = Release|Any CPU
		{36EFDEEA-BB0E-43C1-93E8-EA983771FBA0}.Release|iPhone.ActiveCfg = Release|Any CPU
		{36EFDEEA-BB0E-43C1-93E8-EA983771FBA0}.Release|iPhone.Build.0 = Release|Any CPU
		{36EFDEEA-BB0E-43C1-93E8-EA983771FBA0}.Release|iPhoneSimulator.ActiveCfg = Release|Any CPU
		{36EFDEEA-BB0E-43C1-93E8-EA983771FBA0}.Release|iPhoneSimulator.Build.0 = Release|Any CPU
		{36EFDEEA-BB0E-43C1-93E8-EA983771FBA0}.Release|x64.ActiveCfg = Release|Any CPU
		{36EFDEEA-BB0E-43C1-93E8-EA983771FBA0}.Release|x64.Build.0 = Release|Any CPU
		{36EFDEEA-BB0E-43C1-93E8-EA983771FBA0}.Release|x86.ActiveCfg = Release|Any CPU
		{36EFDEEA-BB0E-43C1-93E8-EA983771FBA0}.Release|x86.Build.0 = Release|Any CPU
		{9999B676-366C-4EB2-BDC0-D398FB26CFDC}.Ad-Hoc|Any CPU.ActiveCfg = Release|Any CPU
		{9999B676-366C-4EB2-BDC0-D398FB26CFDC}.Ad-Hoc|Any CPU.Build.0 = Release|Any CPU
		{9999B676-366C-4EB2-BDC0-D398FB26CFDC}.Ad-Hoc|ARM.ActiveCfg = Release|Any CPU
		{9999B676-366C-4EB2-BDC0-D398FB26CFDC}.Ad-Hoc|ARM.Build.0 = Release|Any CPU
		{9999B676-366C-4EB2-BDC0-D398FB26CFDC}.Ad-Hoc|iPhone.ActiveCfg = Release|Any CPU
		{9999B676-366C-4EB2-BDC0-D398FB26CFDC}.Ad-Hoc|iPhone.Build.0 = Release|Any CPU
		{9999B676-366C-4EB2-BDC0-D398FB26CFDC}.Ad-Hoc|iPhoneSimulator.ActiveCfg = Release|Any CPU
		{9999B676-366C-4EB2-BDC0-D398FB26CFDC}.Ad-Hoc|iPhoneSimulator.Build.0 = Release|Any CPU
		{9999B676-366C-4EB2-BDC0-D398FB26CFDC}.Ad-Hoc|x64.ActiveCfg = Release|Any CPU
		{9999B676-366C-4EB2-BDC0-D398FB26CFDC}.Ad-Hoc|x64.Build.0 = Release|Any CPU
		{9999B676-366C-4EB2-BDC0-D398FB26CFDC}.Ad-Hoc|x86.ActiveCfg = Release|Any CPU
		{9999B676-366C-4EB2-BDC0-D398FB26CFDC}.Ad-Hoc|x86.Build.0 = Release|Any CPU
		{9999B676-366C-4EB2-BDC0-D398FB26CFDC}.AppStore|Any CPU.ActiveCfg = Release|Any CPU
		{9999B676-366C-4EB2-BDC0-D398FB26CFDC}.AppStore|Any CPU.Build.0 = Release|Any CPU
		{9999B676-366C-4EB2-BDC0-D398FB26CFDC}.AppStore|ARM.ActiveCfg = Release|Any CPU
		{9999B676-366C-4EB2-BDC0-D398FB26CFDC}.AppStore|ARM.Build.0 = Release|Any CPU
		{9999B676-366C-4EB2-BDC0-D398FB26CFDC}.AppStore|iPhone.ActiveCfg = Release|Any CPU
		{9999B676-366C-4EB2-BDC0-D398FB26CFDC}.AppStore|iPhone.Build.0 = Release|Any CPU
		{9999B676-366C-4EB2-BDC0-D398FB26CFDC}.AppStore|iPhoneSimulator.ActiveCfg = Release|Any CPU
		{9999B676-366C-4EB2-BDC0-D398FB26CFDC}.AppStore|iPhoneSimulator.Build.0 = Release|Any CPU
		{9999B676-366C-4EB2-BDC0-D398FB26CFDC}.AppStore|x64.ActiveCfg = Release|Any CPU
		{9999B676-366C-4EB2-BDC0-D398FB26CFDC}.AppStore|x64.Build.0 = Release|Any CPU
		{9999B676-366C-4EB2-BDC0-D398FB26CFDC}.AppStore|x86.ActiveCfg = Release|Any CPU
		{9999B676-366C-4EB2-BDC0-D398FB26CFDC}.AppStore|x86.Build.0 = Release|Any CPU
		{9999B676-366C-4EB2-BDC0-D398FB26CFDC}.Debug|Any CPU.ActiveCfg = Debug|Any CPU
		{9999B676-366C-4EB2-BDC0-D398FB26CFDC}.Debug|Any CPU.Build.0 = Debug|Any CPU
		{9999B676-366C-4EB2-BDC0-D398FB26CFDC}.Debug|ARM.ActiveCfg = Debug|Any CPU
		{9999B676-366C-4EB2-BDC0-D398FB26CFDC}.Debug|ARM.Build.0 = Debug|Any CPU
		{9999B676-366C-4EB2-BDC0-D398FB26CFDC}.Debug|iPhone.ActiveCfg = Debug|Any CPU
		{9999B676-366C-4EB2-BDC0-D398FB26CFDC}.Debug|iPhone.Build.0 = Debug|Any CPU
		{9999B676-366C-4EB2-BDC0-D398FB26CFDC}.Debug|iPhoneSimulator.ActiveCfg = Debug|Any CPU
		{9999B676-366C-4EB2-BDC0-D398FB26CFDC}.Debug|iPhoneSimulator.Build.0 = Debug|Any CPU
		{9999B676-366C-4EB2-BDC0-D398FB26CFDC}.Debug|x64.ActiveCfg = Debug|Any CPU
		{9999B676-366C-4EB2-BDC0-D398FB26CFDC}.Debug|x64.Build.0 = Debug|Any CPU
		{9999B676-366C-4EB2-BDC0-D398FB26CFDC}.Debug|x86.ActiveCfg = Debug|Any CPU
		{9999B676-366C-4EB2-BDC0-D398FB26CFDC}.Debug|x86.Build.0 = Debug|Any CPU
		{9999B676-366C-4EB2-BDC0-D398FB26CFDC}.Release|Any CPU.ActiveCfg = Release|Any CPU
		{9999B676-366C-4EB2-BDC0-D398FB26CFDC}.Release|Any CPU.Build.0 = Release|Any CPU
		{9999B676-366C-4EB2-BDC0-D398FB26CFDC}.Release|ARM.ActiveCfg = Release|Any CPU
		{9999B676-366C-4EB2-BDC0-D398FB26CFDC}.Release|ARM.Build.0 = Release|Any CPU
		{9999B676-366C-4EB2-BDC0-D398FB26CFDC}.Release|iPhone.ActiveCfg = Release|Any CPU
		{9999B676-366C-4EB2-BDC0-D398FB26CFDC}.Release|iPhone.Build.0 = Release|Any CPU
		{9999B676-366C-4EB2-BDC0-D398FB26CFDC}.Release|iPhoneSimulator.ActiveCfg = Release|Any CPU
		{9999B676-366C-4EB2-BDC0-D398FB26CFDC}.Release|iPhoneSimulator.Build.0 = Release|Any CPU
		{9999B676-366C-4EB2-BDC0-D398FB26CFDC}.Release|x64.ActiveCfg = Release|Any CPU
		{9999B676-366C-4EB2-BDC0-D398FB26CFDC}.Release|x64.Build.0 = Release|Any CPU
		{9999B676-366C-4EB2-BDC0-D398FB26CFDC}.Release|x86.ActiveCfg = Release|Any CPU
		{9999B676-366C-4EB2-BDC0-D398FB26CFDC}.Release|x86.Build.0 = Release|Any CPU
		{4FEBEF7F-2A78-49A0-AA86-86DBB8470251}.Ad-Hoc|Any CPU.ActiveCfg = Release|Any CPU
		{4FEBEF7F-2A78-49A0-AA86-86DBB8470251}.Ad-Hoc|Any CPU.Build.0 = Release|Any CPU
		{4FEBEF7F-2A78-49A0-AA86-86DBB8470251}.Ad-Hoc|Any CPU.Deploy.0 = Release|Any CPU
		{4FEBEF7F-2A78-49A0-AA86-86DBB8470251}.Ad-Hoc|ARM.ActiveCfg = Release|Any CPU
		{4FEBEF7F-2A78-49A0-AA86-86DBB8470251}.Ad-Hoc|ARM.Build.0 = Release|Any CPU
		{4FEBEF7F-2A78-49A0-AA86-86DBB8470251}.Ad-Hoc|ARM.Deploy.0 = Release|Any CPU
		{4FEBEF7F-2A78-49A0-AA86-86DBB8470251}.Ad-Hoc|iPhone.ActiveCfg = Release|Any CPU
		{4FEBEF7F-2A78-49A0-AA86-86DBB8470251}.Ad-Hoc|iPhone.Build.0 = Release|Any CPU
		{4FEBEF7F-2A78-49A0-AA86-86DBB8470251}.Ad-Hoc|iPhone.Deploy.0 = Release|Any CPU
		{4FEBEF7F-2A78-49A0-AA86-86DBB8470251}.Ad-Hoc|iPhoneSimulator.ActiveCfg = Release|Any CPU
		{4FEBEF7F-2A78-49A0-AA86-86DBB8470251}.Ad-Hoc|iPhoneSimulator.Build.0 = Release|Any CPU
		{4FEBEF7F-2A78-49A0-AA86-86DBB8470251}.Ad-Hoc|iPhoneSimulator.Deploy.0 = Release|Any CPU
		{4FEBEF7F-2A78-49A0-AA86-86DBB8470251}.Ad-Hoc|x64.ActiveCfg = Release|Any CPU
		{4FEBEF7F-2A78-49A0-AA86-86DBB8470251}.Ad-Hoc|x64.Build.0 = Release|Any CPU
		{4FEBEF7F-2A78-49A0-AA86-86DBB8470251}.Ad-Hoc|x64.Deploy.0 = Release|Any CPU
		{4FEBEF7F-2A78-49A0-AA86-86DBB8470251}.Ad-Hoc|x86.ActiveCfg = Release|Any CPU
		{4FEBEF7F-2A78-49A0-AA86-86DBB8470251}.Ad-Hoc|x86.Build.0 = Release|Any CPU
		{4FEBEF7F-2A78-49A0-AA86-86DBB8470251}.Ad-Hoc|x86.Deploy.0 = Release|Any CPU
		{4FEBEF7F-2A78-49A0-AA86-86DBB8470251}.AppStore|Any CPU.ActiveCfg = Release|Any CPU
		{4FEBEF7F-2A78-49A0-AA86-86DBB8470251}.AppStore|Any CPU.Build.0 = Release|Any CPU
		{4FEBEF7F-2A78-49A0-AA86-86DBB8470251}.AppStore|Any CPU.Deploy.0 = Release|Any CPU
		{4FEBEF7F-2A78-49A0-AA86-86DBB8470251}.AppStore|ARM.ActiveCfg = Release|Any CPU
		{4FEBEF7F-2A78-49A0-AA86-86DBB8470251}.AppStore|ARM.Build.0 = Release|Any CPU
		{4FEBEF7F-2A78-49A0-AA86-86DBB8470251}.AppStore|ARM.Deploy.0 = Release|Any CPU
		{4FEBEF7F-2A78-49A0-AA86-86DBB8470251}.AppStore|iPhone.ActiveCfg = Release|Any CPU
		{4FEBEF7F-2A78-49A0-AA86-86DBB8470251}.AppStore|iPhone.Build.0 = Release|Any CPU
		{4FEBEF7F-2A78-49A0-AA86-86DBB8470251}.AppStore|iPhone.Deploy.0 = Release|Any CPU
		{4FEBEF7F-2A78-49A0-AA86-86DBB8470251}.AppStore|iPhoneSimulator.ActiveCfg = Release|Any CPU
		{4FEBEF7F-2A78-49A0-AA86-86DBB8470251}.AppStore|iPhoneSimulator.Build.0 = Release|Any CPU
		{4FEBEF7F-2A78-49A0-AA86-86DBB8470251}.AppStore|iPhoneSimulator.Deploy.0 = Release|Any CPU
		{4FEBEF7F-2A78-49A0-AA86-86DBB8470251}.AppStore|x64.ActiveCfg = Release|Any CPU
		{4FEBEF7F-2A78-49A0-AA86-86DBB8470251}.AppStore|x64.Build.0 = Release|Any CPU
		{4FEBEF7F-2A78-49A0-AA86-86DBB8470251}.AppStore|x64.Deploy.0 = Release|Any CPU
		{4FEBEF7F-2A78-49A0-AA86-86DBB8470251}.AppStore|x86.ActiveCfg = Release|Any CPU
		{4FEBEF7F-2A78-49A0-AA86-86DBB8470251}.AppStore|x86.Build.0 = Release|Any CPU
		{4FEBEF7F-2A78-49A0-AA86-86DBB8470251}.AppStore|x86.Deploy.0 = Release|Any CPU
		{4FEBEF7F-2A78-49A0-AA86-86DBB8470251}.Debug|Any CPU.ActiveCfg = Debug|Any CPU
		{4FEBEF7F-2A78-49A0-AA86-86DBB8470251}.Debug|Any CPU.Build.0 = Debug|Any CPU
		{4FEBEF7F-2A78-49A0-AA86-86DBB8470251}.Debug|Any CPU.Deploy.0 = Debug|Any CPU
		{4FEBEF7F-2A78-49A0-AA86-86DBB8470251}.Debug|ARM.ActiveCfg = Debug|Any CPU
		{4FEBEF7F-2A78-49A0-AA86-86DBB8470251}.Debug|ARM.Build.0 = Debug|Any CPU
		{4FEBEF7F-2A78-49A0-AA86-86DBB8470251}.Debug|ARM.Deploy.0 = Debug|Any CPU
		{4FEBEF7F-2A78-49A0-AA86-86DBB8470251}.Debug|iPhone.ActiveCfg = Debug|Any CPU
		{4FEBEF7F-2A78-49A0-AA86-86DBB8470251}.Debug|iPhone.Build.0 = Debug|Any CPU
		{4FEBEF7F-2A78-49A0-AA86-86DBB8470251}.Debug|iPhone.Deploy.0 = Debug|Any CPU
		{4FEBEF7F-2A78-49A0-AA86-86DBB8470251}.Debug|iPhoneSimulator.ActiveCfg = Debug|Any CPU
		{4FEBEF7F-2A78-49A0-AA86-86DBB8470251}.Debug|iPhoneSimulator.Build.0 = Debug|Any CPU
		{4FEBEF7F-2A78-49A0-AA86-86DBB8470251}.Debug|iPhoneSimulator.Deploy.0 = Debug|Any CPU
		{4FEBEF7F-2A78-49A0-AA86-86DBB8470251}.Debug|x64.ActiveCfg = Debug|Any CPU
		{4FEBEF7F-2A78-49A0-AA86-86DBB8470251}.Debug|x64.Build.0 = Debug|Any CPU
		{4FEBEF7F-2A78-49A0-AA86-86DBB8470251}.Debug|x64.Deploy.0 = Debug|Any CPU
		{4FEBEF7F-2A78-49A0-AA86-86DBB8470251}.Debug|x86.ActiveCfg = Debug|Any CPU
		{4FEBEF7F-2A78-49A0-AA86-86DBB8470251}.Debug|x86.Build.0 = Debug|Any CPU
		{4FEBEF7F-2A78-49A0-AA86-86DBB8470251}.Debug|x86.Deploy.0 = Debug|Any CPU
		{4FEBEF7F-2A78-49A0-AA86-86DBB8470251}.Release|Any CPU.ActiveCfg = Release|Any CPU
		{4FEBEF7F-2A78-49A0-AA86-86DBB8470251}.Release|Any CPU.Build.0 = Release|Any CPU
		{4FEBEF7F-2A78-49A0-AA86-86DBB8470251}.Release|Any CPU.Deploy.0 = Release|Any CPU
		{4FEBEF7F-2A78-49A0-AA86-86DBB8470251}.Release|ARM.ActiveCfg = Release|Any CPU
		{4FEBEF7F-2A78-49A0-AA86-86DBB8470251}.Release|ARM.Build.0 = Release|Any CPU
		{4FEBEF7F-2A78-49A0-AA86-86DBB8470251}.Release|ARM.Deploy.0 = Release|Any CPU
		{4FEBEF7F-2A78-49A0-AA86-86DBB8470251}.Release|iPhone.ActiveCfg = Release|Any CPU
		{4FEBEF7F-2A78-49A0-AA86-86DBB8470251}.Release|iPhone.Build.0 = Release|Any CPU
		{4FEBEF7F-2A78-49A0-AA86-86DBB8470251}.Release|iPhone.Deploy.0 = Release|Any CPU
		{4FEBEF7F-2A78-49A0-AA86-86DBB8470251}.Release|iPhoneSimulator.ActiveCfg = Release|Any CPU
		{4FEBEF7F-2A78-49A0-AA86-86DBB8470251}.Release|iPhoneSimulator.Build.0 = Release|Any CPU
		{4FEBEF7F-2A78-49A0-AA86-86DBB8470251}.Release|iPhoneSimulator.Deploy.0 = Release|Any CPU
		{4FEBEF7F-2A78-49A0-AA86-86DBB8470251}.Release|x64.ActiveCfg = Release|Any CPU
		{4FEBEF7F-2A78-49A0-AA86-86DBB8470251}.Release|x64.Build.0 = Release|Any CPU
		{4FEBEF7F-2A78-49A0-AA86-86DBB8470251}.Release|x64.Deploy.0 = Release|Any CPU
		{4FEBEF7F-2A78-49A0-AA86-86DBB8470251}.Release|x86.ActiveCfg = Release|Any CPU
		{4FEBEF7F-2A78-49A0-AA86-86DBB8470251}.Release|x86.Build.0 = Release|Any CPU
		{4FEBEF7F-2A78-49A0-AA86-86DBB8470251}.Release|x86.Deploy.0 = Release|Any CPU
		{AA36728C-0C17-4FD4-B5AD-52673D0DA295}.Ad-Hoc|Any CPU.ActiveCfg = Ad-Hoc|iPhone
		{AA36728C-0C17-4FD4-B5AD-52673D0DA295}.Ad-Hoc|ARM.ActiveCfg = Ad-Hoc|iPhone
		{AA36728C-0C17-4FD4-B5AD-52673D0DA295}.Ad-Hoc|iPhone.ActiveCfg = Ad-Hoc|iPhone
		{AA36728C-0C17-4FD4-B5AD-52673D0DA295}.Ad-Hoc|iPhone.Build.0 = Ad-Hoc|iPhone
		{AA36728C-0C17-4FD4-B5AD-52673D0DA295}.Ad-Hoc|iPhoneSimulator.ActiveCfg = Ad-Hoc|iPhoneSimulator
		{AA36728C-0C17-4FD4-B5AD-52673D0DA295}.Ad-Hoc|iPhoneSimulator.Build.0 = Ad-Hoc|iPhoneSimulator
		{AA36728C-0C17-4FD4-B5AD-52673D0DA295}.Ad-Hoc|x64.ActiveCfg = Ad-Hoc|iPhone
		{AA36728C-0C17-4FD4-B5AD-52673D0DA295}.Ad-Hoc|x86.ActiveCfg = Ad-Hoc|iPhone
		{AA36728C-0C17-4FD4-B5AD-52673D0DA295}.AppStore|Any CPU.ActiveCfg = AppStore|iPhone
		{AA36728C-0C17-4FD4-B5AD-52673D0DA295}.AppStore|ARM.ActiveCfg = AppStore|iPhone
		{AA36728C-0C17-4FD4-B5AD-52673D0DA295}.AppStore|iPhone.ActiveCfg = AppStore|iPhone
		{AA36728C-0C17-4FD4-B5AD-52673D0DA295}.AppStore|iPhone.Build.0 = AppStore|iPhone
		{AA36728C-0C17-4FD4-B5AD-52673D0DA295}.AppStore|iPhoneSimulator.ActiveCfg = AppStore|iPhoneSimulator
		{AA36728C-0C17-4FD4-B5AD-52673D0DA295}.AppStore|iPhoneSimulator.Build.0 = AppStore|iPhoneSimulator
		{AA36728C-0C17-4FD4-B5AD-52673D0DA295}.AppStore|x64.ActiveCfg = AppStore|iPhone
		{AA36728C-0C17-4FD4-B5AD-52673D0DA295}.AppStore|x86.ActiveCfg = AppStore|iPhone
		{AA36728C-0C17-4FD4-B5AD-52673D0DA295}.Debug|Any CPU.ActiveCfg = Debug|iPhone
		{AA36728C-0C17-4FD4-B5AD-52673D0DA295}.Debug|ARM.ActiveCfg = Debug|iPhone
		{AA36728C-0C17-4FD4-B5AD-52673D0DA295}.Debug|iPhone.ActiveCfg = Debug|iPhone
		{AA36728C-0C17-4FD4-B5AD-52673D0DA295}.Debug|iPhone.Build.0 = Debug|iPhone
		{AA36728C-0C17-4FD4-B5AD-52673D0DA295}.Debug|iPhoneSimulator.ActiveCfg = Debug|iPhoneSimulator
		{AA36728C-0C17-4FD4-B5AD-52673D0DA295}.Debug|iPhoneSimulator.Build.0 = Debug|iPhoneSimulator
		{AA36728C-0C17-4FD4-B5AD-52673D0DA295}.Debug|x64.ActiveCfg = Debug|iPhone
		{AA36728C-0C17-4FD4-B5AD-52673D0DA295}.Debug|x86.ActiveCfg = Debug|iPhone
		{AA36728C-0C17-4FD4-B5AD-52673D0DA295}.Release|Any CPU.ActiveCfg = Release|iPhone
		{AA36728C-0C17-4FD4-B5AD-52673D0DA295}.Release|ARM.ActiveCfg = Release|iPhone
		{AA36728C-0C17-4FD4-B5AD-52673D0DA295}.Release|iPhone.ActiveCfg = Release|iPhone
		{AA36728C-0C17-4FD4-B5AD-52673D0DA295}.Release|iPhone.Build.0 = Release|iPhone
		{AA36728C-0C17-4FD4-B5AD-52673D0DA295}.Release|iPhoneSimulator.ActiveCfg = Release|iPhoneSimulator
		{AA36728C-0C17-4FD4-B5AD-52673D0DA295}.Release|iPhoneSimulator.Build.0 = Release|iPhoneSimulator
		{AA36728C-0C17-4FD4-B5AD-52673D0DA295}.Release|x64.ActiveCfg = Release|iPhone
		{AA36728C-0C17-4FD4-B5AD-52673D0DA295}.Release|x86.ActiveCfg = Release|iPhone
		{1087D375-8B64-43DD-8C60-8FA5E0DA8627}.Ad-Hoc|Any CPU.ActiveCfg = Release|x86
		{1087D375-8B64-43DD-8C60-8FA5E0DA8627}.Ad-Hoc|Any CPU.Build.0 = Release|x86
		{1087D375-8B64-43DD-8C60-8FA5E0DA8627}.Ad-Hoc|Any CPU.Deploy.0 = Release|x86
		{1087D375-8B64-43DD-8C60-8FA5E0DA8627}.Ad-Hoc|ARM.ActiveCfg = Release|ARM
		{1087D375-8B64-43DD-8C60-8FA5E0DA8627}.Ad-Hoc|ARM.Build.0 = Release|ARM
		{1087D375-8B64-43DD-8C60-8FA5E0DA8627}.Ad-Hoc|ARM.Deploy.0 = Release|ARM
		{1087D375-8B64-43DD-8C60-8FA5E0DA8627}.Ad-Hoc|iPhone.ActiveCfg = Release|x86
		{1087D375-8B64-43DD-8C60-8FA5E0DA8627}.Ad-Hoc|iPhone.Build.0 = Release|x86
		{1087D375-8B64-43DD-8C60-8FA5E0DA8627}.Ad-Hoc|iPhone.Deploy.0 = Release|x86
		{1087D375-8B64-43DD-8C60-8FA5E0DA8627}.Ad-Hoc|iPhoneSimulator.ActiveCfg = Release|x86
		{1087D375-8B64-43DD-8C60-8FA5E0DA8627}.Ad-Hoc|iPhoneSimulator.Build.0 = Release|x86
		{1087D375-8B64-43DD-8C60-8FA5E0DA8627}.Ad-Hoc|iPhoneSimulator.Deploy.0 = Release|x86
		{1087D375-8B64-43DD-8C60-8FA5E0DA8627}.Ad-Hoc|x64.ActiveCfg = Release|x64
		{1087D375-8B64-43DD-8C60-8FA5E0DA8627}.Ad-Hoc|x64.Build.0 = Release|x64
		{1087D375-8B64-43DD-8C60-8FA5E0DA8627}.Ad-Hoc|x64.Deploy.0 = Release|x64
		{1087D375-8B64-43DD-8C60-8FA5E0DA8627}.Ad-Hoc|x86.ActiveCfg = Release|x86
		{1087D375-8B64-43DD-8C60-8FA5E0DA8627}.Ad-Hoc|x86.Build.0 = Release|x86
		{1087D375-8B64-43DD-8C60-8FA5E0DA8627}.Ad-Hoc|x86.Deploy.0 = Release|x86
		{1087D375-8B64-43DD-8C60-8FA5E0DA8627}.AppStore|Any CPU.ActiveCfg = Release|x86
		{1087D375-8B64-43DD-8C60-8FA5E0DA8627}.AppStore|Any CPU.Build.0 = Release|x86
		{1087D375-8B64-43DD-8C60-8FA5E0DA8627}.AppStore|Any CPU.Deploy.0 = Release|x86
		{1087D375-8B64-43DD-8C60-8FA5E0DA8627}.AppStore|ARM.ActiveCfg = Release|ARM
		{1087D375-8B64-43DD-8C60-8FA5E0DA8627}.AppStore|ARM.Build.0 = Release|ARM
		{1087D375-8B64-43DD-8C60-8FA5E0DA8627}.AppStore|ARM.Deploy.0 = Release|ARM
		{1087D375-8B64-43DD-8C60-8FA5E0DA8627}.AppStore|iPhone.ActiveCfg = Release|x86
		{1087D375-8B64-43DD-8C60-8FA5E0DA8627}.AppStore|iPhone.Build.0 = Release|x86
		{1087D375-8B64-43DD-8C60-8FA5E0DA8627}.AppStore|iPhone.Deploy.0 = Release|x86
		{1087D375-8B64-43DD-8C60-8FA5E0DA8627}.AppStore|iPhoneSimulator.ActiveCfg = Release|x86
		{1087D375-8B64-43DD-8C60-8FA5E0DA8627}.AppStore|iPhoneSimulator.Build.0 = Release|x86
		{1087D375-8B64-43DD-8C60-8FA5E0DA8627}.AppStore|iPhoneSimulator.Deploy.0 = Release|x86
		{1087D375-8B64-43DD-8C60-8FA5E0DA8627}.AppStore|x64.ActiveCfg = Release|x64
		{1087D375-8B64-43DD-8C60-8FA5E0DA8627}.AppStore|x64.Build.0 = Release|x64
		{1087D375-8B64-43DD-8C60-8FA5E0DA8627}.AppStore|x64.Deploy.0 = Release|x64
		{1087D375-8B64-43DD-8C60-8FA5E0DA8627}.AppStore|x86.ActiveCfg = Release|x86
		{1087D375-8B64-43DD-8C60-8FA5E0DA8627}.AppStore|x86.Build.0 = Release|x86
		{1087D375-8B64-43DD-8C60-8FA5E0DA8627}.AppStore|x86.Deploy.0 = Release|x86
		{1087D375-8B64-43DD-8C60-8FA5E0DA8627}.Debug|Any CPU.ActiveCfg = Debug|x86
		{1087D375-8B64-43DD-8C60-8FA5E0DA8627}.Debug|ARM.ActiveCfg = Debug|ARM
		{1087D375-8B64-43DD-8C60-8FA5E0DA8627}.Debug|ARM.Build.0 = Debug|ARM
		{1087D375-8B64-43DD-8C60-8FA5E0DA8627}.Debug|ARM.Deploy.0 = Debug|ARM
		{1087D375-8B64-43DD-8C60-8FA5E0DA8627}.Debug|iPhone.ActiveCfg = Debug|x86
		{1087D375-8B64-43DD-8C60-8FA5E0DA8627}.Debug|iPhoneSimulator.ActiveCfg = Debug|x86
		{1087D375-8B64-43DD-8C60-8FA5E0DA8627}.Debug|x64.ActiveCfg = Debug|x64
		{1087D375-8B64-43DD-8C60-8FA5E0DA8627}.Debug|x64.Build.0 = Debug|x64
		{1087D375-8B64-43DD-8C60-8FA5E0DA8627}.Debug|x64.Deploy.0 = Debug|x64
		{1087D375-8B64-43DD-8C60-8FA5E0DA8627}.Debug|x86.ActiveCfg = Debug|x86
		{1087D375-8B64-43DD-8C60-8FA5E0DA8627}.Debug|x86.Build.0 = Debug|x86
		{1087D375-8B64-43DD-8C60-8FA5E0DA8627}.Debug|x86.Deploy.0 = Debug|x86
		{1087D375-8B64-43DD-8C60-8FA5E0DA8627}.Release|Any CPU.ActiveCfg = Release|x86
		{1087D375-8B64-43DD-8C60-8FA5E0DA8627}.Release|ARM.ActiveCfg = Release|ARM
		{1087D375-8B64-43DD-8C60-8FA5E0DA8627}.Release|ARM.Build.0 = Release|ARM
		{1087D375-8B64-43DD-8C60-8FA5E0DA8627}.Release|ARM.Deploy.0 = Release|ARM
		{1087D375-8B64-43DD-8C60-8FA5E0DA8627}.Release|iPhone.ActiveCfg = Release|x86
		{1087D375-8B64-43DD-8C60-8FA5E0DA8627}.Release|iPhoneSimulator.ActiveCfg = Release|x86
		{1087D375-8B64-43DD-8C60-8FA5E0DA8627}.Release|x64.ActiveCfg = Release|x64
		{1087D375-8B64-43DD-8C60-8FA5E0DA8627}.Release|x64.Build.0 = Release|x64
		{1087D375-8B64-43DD-8C60-8FA5E0DA8627}.Release|x64.Deploy.0 = Release|x64
		{1087D375-8B64-43DD-8C60-8FA5E0DA8627}.Release|x86.ActiveCfg = Release|x86
		{1087D375-8B64-43DD-8C60-8FA5E0DA8627}.Release|x86.Build.0 = Release|x86
		{1087D375-8B64-43DD-8C60-8FA5E0DA8627}.Release|x86.Deploy.0 = Release|x86
		{445F39F6-1104-4F08-8EBA-84A03E7D082D}.Ad-Hoc|Any CPU.ActiveCfg = Release|Any CPU
		{445F39F6-1104-4F08-8EBA-84A03E7D082D}.Ad-Hoc|Any CPU.Build.0 = Release|Any CPU
		{445F39F6-1104-4F08-8EBA-84A03E7D082D}.Ad-Hoc|ARM.ActiveCfg = Release|Any CPU
		{445F39F6-1104-4F08-8EBA-84A03E7D082D}.Ad-Hoc|ARM.Build.0 = Release|Any CPU
		{445F39F6-1104-4F08-8EBA-84A03E7D082D}.Ad-Hoc|iPhone.ActiveCfg = Release|Any CPU
		{445F39F6-1104-4F08-8EBA-84A03E7D082D}.Ad-Hoc|iPhone.Build.0 = Release|Any CPU
		{445F39F6-1104-4F08-8EBA-84A03E7D082D}.Ad-Hoc|iPhoneSimulator.ActiveCfg = Release|Any CPU
		{445F39F6-1104-4F08-8EBA-84A03E7D082D}.Ad-Hoc|iPhoneSimulator.Build.0 = Release|Any CPU
		{445F39F6-1104-4F08-8EBA-84A03E7D082D}.Ad-Hoc|x64.ActiveCfg = Release|Any CPU
		{445F39F6-1104-4F08-8EBA-84A03E7D082D}.Ad-Hoc|x64.Build.0 = Release|Any CPU
		{445F39F6-1104-4F08-8EBA-84A03E7D082D}.Ad-Hoc|x86.ActiveCfg = Release|Any CPU
		{445F39F6-1104-4F08-8EBA-84A03E7D082D}.Ad-Hoc|x86.Build.0 = Release|Any CPU
		{445F39F6-1104-4F08-8EBA-84A03E7D082D}.AppStore|Any CPU.ActiveCfg = Release|Any CPU
		{445F39F6-1104-4F08-8EBA-84A03E7D082D}.AppStore|Any CPU.Build.0 = Release|Any CPU
		{445F39F6-1104-4F08-8EBA-84A03E7D082D}.AppStore|ARM.ActiveCfg = Release|Any CPU
		{445F39F6-1104-4F08-8EBA-84A03E7D082D}.AppStore|ARM.Build.0 = Release|Any CPU
		{445F39F6-1104-4F08-8EBA-84A03E7D082D}.AppStore|iPhone.ActiveCfg = Release|Any CPU
		{445F39F6-1104-4F08-8EBA-84A03E7D082D}.AppStore|iPhone.Build.0 = Release|Any CPU
		{445F39F6-1104-4F08-8EBA-84A03E7D082D}.AppStore|iPhoneSimulator.ActiveCfg = Release|Any CPU
		{445F39F6-1104-4F08-8EBA-84A03E7D082D}.AppStore|iPhoneSimulator.Build.0 = Release|Any CPU
		{445F39F6-1104-4F08-8EBA-84A03E7D082D}.AppStore|x64.ActiveCfg = Release|Any CPU
		{445F39F6-1104-4F08-8EBA-84A03E7D082D}.AppStore|x64.Build.0 = Release|Any CPU
		{445F39F6-1104-4F08-8EBA-84A03E7D082D}.AppStore|x86.ActiveCfg = Release|Any CPU
		{445F39F6-1104-4F08-8EBA-84A03E7D082D}.AppStore|x86.Build.0 = Release|Any CPU
		{445F39F6-1104-4F08-8EBA-84A03E7D082D}.Debug|Any CPU.ActiveCfg = Debug|Any CPU
		{445F39F6-1104-4F08-8EBA-84A03E7D082D}.Debug|Any CPU.Build.0 = Debug|Any CPU
		{445F39F6-1104-4F08-8EBA-84A03E7D082D}.Debug|ARM.ActiveCfg = Debug|Any CPU
		{445F39F6-1104-4F08-8EBA-84A03E7D082D}.Debug|ARM.Build.0 = Debug|Any CPU
		{445F39F6-1104-4F08-8EBA-84A03E7D082D}.Debug|iPhone.ActiveCfg = Debug|Any CPU
		{445F39F6-1104-4F08-8EBA-84A03E7D082D}.Debug|iPhone.Build.0 = Debug|Any CPU
		{445F39F6-1104-4F08-8EBA-84A03E7D082D}.Debug|iPhoneSimulator.ActiveCfg = Debug|Any CPU
		{445F39F6-1104-4F08-8EBA-84A03E7D082D}.Debug|iPhoneSimulator.Build.0 = Debug|Any CPU
		{445F39F6-1104-4F08-8EBA-84A03E7D082D}.Debug|x64.ActiveCfg = Debug|Any CPU
		{445F39F6-1104-4F08-8EBA-84A03E7D082D}.Debug|x64.Build.0 = Debug|Any CPU
		{445F39F6-1104-4F08-8EBA-84A03E7D082D}.Debug|x86.ActiveCfg = Debug|Any CPU
		{445F39F6-1104-4F08-8EBA-84A03E7D082D}.Debug|x86.Build.0 = Debug|Any CPU
		{445F39F6-1104-4F08-8EBA-84A03E7D082D}.Release|Any CPU.ActiveCfg = Release|Any CPU
		{445F39F6-1104-4F08-8EBA-84A03E7D082D}.Release|Any CPU.Build.0 = Release|Any CPU
		{445F39F6-1104-4F08-8EBA-84A03E7D082D}.Release|ARM.ActiveCfg = Release|Any CPU
		{445F39F6-1104-4F08-8EBA-84A03E7D082D}.Release|ARM.Build.0 = Release|Any CPU
		{445F39F6-1104-4F08-8EBA-84A03E7D082D}.Release|iPhone.ActiveCfg = Release|Any CPU
		{445F39F6-1104-4F08-8EBA-84A03E7D082D}.Release|iPhone.Build.0 = Release|Any CPU
		{445F39F6-1104-4F08-8EBA-84A03E7D082D}.Release|iPhoneSimulator.ActiveCfg = Release|Any CPU
		{445F39F6-1104-4F08-8EBA-84A03E7D082D}.Release|iPhoneSimulator.Build.0 = Release|Any CPU
		{445F39F6-1104-4F08-8EBA-84A03E7D082D}.Release|x64.ActiveCfg = Release|Any CPU
		{445F39F6-1104-4F08-8EBA-84A03E7D082D}.Release|x64.Build.0 = Release|Any CPU
		{445F39F6-1104-4F08-8EBA-84A03E7D082D}.Release|x86.ActiveCfg = Release|Any CPU
		{445F39F6-1104-4F08-8EBA-84A03E7D082D}.Release|x86.Build.0 = Release|Any CPU
	EndGlobalSection
	GlobalSection(SolutionProperties) = preSolution
		HideSolutionNode = FALSE
	EndGlobalSection
	GlobalSection(NestedProjects) = preSolution
		{9999B676-366C-4EB2-BDC0-D398FB26CFDC} = {BDA9D306-FF3A-46EB-BB4F-E9EE0B8FA96A}
	EndGlobalSection
EndGlobal
